
Microsoft Visual Studio Solution File, Format Version 12.00
# Visual Studio Version 17
VisualStudioVersion = 17.0.31903.59
MinimumVisualStudioVersion = 10.0.40219.1
Project("{2150E333-8FDC-42A3-9474-1A3956D46DE8}") = "Creational", "Creational", "{56A9F078-40C9-3DDD-7DA3-B5A4BF238A7F}"
EndProject
Project("{2150E333-8FDC-42A3-9474-1A3956D46DE8}") = "Factory", "Factory", "{90DFF9D6-6064-F8FE-940D-2B723E32BEE9}"
EndProject
Project("{FAE04EC0-301F-11D3-BF4B-00C04F79EFBC}") = "Tests", "Creational\Factory\Tests\Tests.csproj", "{D09FF62E-3C2C-4874-9044-42699C59BD65}"
EndProject
Project("{FAE04EC0-301F-11D3-BF4B-00C04F79EFBC}") = "Source", "Creational\Factory\Source\Source.csproj", "{AEB0ECF3-0D31-465E-8A80-54C86E4A72CE}"
EndProject
Project("{2150E333-8FDC-42A3-9474-1A3956D46DE8}") = "Singleton", "Singleton", "{E9F6E946-CAB0-4393-83A6-2CC00E601546}"
EndProject
Project("{FAE04EC0-301F-11D3-BF4B-00C04F79EFBC}") = "Source", "Creational\Singleton\Source\Source.csproj", "{5BC7E6CD-9454-4DFD-8D2E-338278CEBBFF}"
EndProject
Project("{2150E333-8FDC-42A3-9474-1A3956D46DE8}") = "Structural", "Structural", "{AAFBD153-24CA-142F-8D87-E9EA6ABB24FE}"
EndProject
Project("{2150E333-8FDC-42A3-9474-1A3956D46DE8}") = "Composite", "Composite", "{61FBA38E-274A-9C75-44F1-1A16D7FA1A43}"
EndProject
Project("{FAE04EC0-301F-11D3-BF4B-00C04F79EFBC}") = "Source", "Structural\Composite\Source\Source.csproj", "{D6A86962-21D0-455A-B1FC-D41224BC3046}"
EndProject
Project("{FAE04EC0-301F-11D3-BF4B-00C04F79EFBC}") = "Tests", "Structural\Composite\Tests\Tests.csproj", "{72082437-D2C9-4BF2-8E55-B7F266453D11}"
EndProject
Project("{2150E333-8FDC-42A3-9474-1A3956D46DE8}") = "Decorator", "Decorator", "{234D4270-9C81-DE9C-F77D-6160D21C44F7}"
EndProject
Project("{FAE04EC0-301F-11D3-BF4B-00C04F79EFBC}") = "Source", "Structural\Decorator\Source\Source.csproj", "{0A58BE00-F19B-462F-B477-4FE411495AC6}"
EndProject
Project("{2150E333-8FDC-42A3-9474-1A3956D46DE8}") = "Adapter", "Adapter", "{54F7DA6F-EA37-D2F8-7D31-0E22057C65BE}"
EndProject
Project("{FAE04EC0-301F-11D3-BF4B-00C04F79EFBC}") = "Source", "Structural\Adapter\Source\Source.csproj", "{F6115C39-5FEB-488A-BF11-F93589D39177}"
EndProject
Project("{FAE04EC0-301F-11D3-BF4B-00C04F79EFBC}") = "Tests", "Structural\Adapter\Tests\Tests.csproj", "{28D3B8C4-6086-4F15-BE2C-3726BF804466}"
EndProject
Project("{2150E333-8FDC-42A3-9474-1A3956D46DE8}") = "Behavioral", "Behavioral", "{26DBFC19-437C-4F90-1A5A-542F2D728CEE}"
EndProject
Project("{2150E333-8FDC-42A3-9474-1A3956D46DE8}") = "Strategy", "Strategy", "{5ACE1E23-56CB-85AE-16B9-554EA5BF7433}"
EndProject
Project("{FAE04EC0-301F-11D3-BF4B-00C04F79EFBC}") = "Source", "Behavioral\Strategy\Source\Source.csproj", "{954F3269-C9E5-4931-B522-102727D2E2EE}"
EndProject
Global
	GlobalSection(SolutionConfigurationPlatforms) = preSolution
		Debug|Any CPU = Debug|Any CPU
		Debug|x64 = Debug|x64
		Debug|x86 = Debug|x86
		Release|Any CPU = Release|Any CPU
		Release|x64 = Release|x64
		Release|x86 = Release|x86
	EndGlobalSection
	GlobalSection(ProjectConfigurationPlatforms) = postSolution
		{D09FF62E-3C2C-4874-9044-42699C59BD65}.Debug|Any CPU.ActiveCfg = Debug|Any CPU
		{D09FF62E-3C2C-4874-9044-42699C59BD65}.Debug|Any CPU.Build.0 = Debug|Any CPU
		{D09FF62E-3C2C-4874-9044-42699C59BD65}.Debug|x64.ActiveCfg = Debug|Any CPU
		{D09FF62E-3C2C-4874-9044-42699C59BD65}.Debug|x64.Build.0 = Debug|Any CPU
		{D09FF62E-3C2C-4874-9044-42699C59BD65}.Debug|x86.ActiveCfg = Debug|Any CPU
		{D09FF62E-3C2C-4874-9044-42699C59BD65}.Debug|x86.Build.0 = Debug|Any CPU
		{D09FF62E-3C2C-4874-9044-42699C59BD65}.Release|Any CPU.ActiveCfg = Release|Any CPU
		{D09FF62E-3C2C-4874-9044-42699C59BD65}.Release|Any CPU.Build.0 = Release|Any CPU
		{D09FF62E-3C2C-4874-9044-42699C59BD65}.Release|x64.ActiveCfg = Release|Any CPU
		{D09FF62E-3C2C-4874-9044-42699C59BD65}.Release|x64.Build.0 = Release|Any CPU
		{D09FF62E-3C2C-4874-9044-42699C59BD65}.Release|x86.ActiveCfg = Release|Any CPU
		{D09FF62E-3C2C-4874-9044-42699C59BD65}.Release|x86.Build.0 = Release|Any CPU
		{AEB0ECF3-0D31-465E-8A80-54C86E4A72CE}.Debug|Any CPU.ActiveCfg = Debug|Any CPU
		{AEB0ECF3-0D31-465E-8A80-54C86E4A72CE}.Debug|Any CPU.Build.0 = Debug|Any CPU
		{AEB0ECF3-0D31-465E-8A80-54C86E4A72CE}.Debug|x64.ActiveCfg = Debug|Any CPU
		{AEB0ECF3-0D31-465E-8A80-54C86E4A72CE}.Debug|x64.Build.0 = Debug|Any CPU
		{AEB0ECF3-0D31-465E-8A80-54C86E4A72CE}.Debug|x86.ActiveCfg = Debug|Any CPU
		{AEB0ECF3-0D31-465E-8A80-54C86E4A72CE}.Debug|x86.Build.0 = Debug|Any CPU
		{AEB0ECF3-0D31-465E-8A80-54C86E4A72CE}.Release|Any CPU.ActiveCfg = Release|Any CPU
		{AEB0ECF3-0D31-465E-8A80-54C86E4A72CE}.Release|Any CPU.Build.0 = Release|Any CPU
		{AEB0ECF3-0D31-465E-8A80-54C86E4A72CE}.Release|x64.ActiveCfg = Release|Any CPU
		{AEB0ECF3-0D31-465E-8A80-54C86E4A72CE}.Release|x64.Build.0 = Release|Any CPU
		{AEB0ECF3-0D31-465E-8A80-54C86E4A72CE}.Release|x86.ActiveCfg = Release|Any CPU
		{AEB0ECF3-0D31-465E-8A80-54C86E4A72CE}.Release|x86.Build.0 = Release|Any CPU
		{5BC7E6CD-9454-4DFD-8D2E-338278CEBBFF}.Debug|Any CPU.ActiveCfg = Debug|Any CPU
		{5BC7E6CD-9454-4DFD-8D2E-338278CEBBFF}.Debug|Any CPU.Build.0 = Debug|Any CPU
		{5BC7E6CD-9454-4DFD-8D2E-338278CEBBFF}.Debug|x64.ActiveCfg = Debug|Any CPU
		{5BC7E6CD-9454-4DFD-8D2E-338278CEBBFF}.Debug|x64.Build.0 = Debug|Any CPU
		{5BC7E6CD-9454-4DFD-8D2E-338278CEBBFF}.Debug|x86.ActiveCfg = Debug|Any CPU
		{5BC7E6CD-9454-4DFD-8D2E-338278CEBBFF}.Debug|x86.Build.0 = Debug|Any CPU
		{5BC7E6CD-9454-4DFD-8D2E-338278CEBBFF}.Release|Any CPU.ActiveCfg = Release|Any CPU
		{5BC7E6CD-9454-4DFD-8D2E-338278CEBBFF}.Release|Any CPU.Build.0 = Release|Any CPU
		{5BC7E6CD-9454-4DFD-8D2E-338278CEBBFF}.Release|x64.ActiveCfg = Release|Any CPU
		{5BC7E6CD-9454-4DFD-8D2E-338278CEBBFF}.Release|x64.Build.0 = Release|Any CPU
		{5BC7E6CD-9454-4DFD-8D2E-338278CEBBFF}.Release|x86.ActiveCfg = Release|Any CPU
		{5BC7E6CD-9454-4DFD-8D2E-338278CEBBFF}.Release|x86.Build.0 = Release|Any CPU
		{D6A86962-21D0-455A-B1FC-D41224BC3046}.Debug|Any CPU.ActiveCfg = Debug|Any CPU
		{D6A86962-21D0-455A-B1FC-D41224BC3046}.Debug|Any CPU.Build.0 = Debug|Any CPU
		{D6A86962-21D0-455A-B1FC-D41224BC3046}.Debug|x64.ActiveCfg = Debug|Any CPU
		{D6A86962-21D0-455A-B1FC-D41224BC3046}.Debug|x64.Build.0 = Debug|Any CPU
		{D6A86962-21D0-455A-B1FC-D41224BC3046}.Debug|x86.ActiveCfg = Debug|Any CPU
		{D6A86962-21D0-455A-B1FC-D41224BC3046}.Debug|x86.Build.0 = Debug|Any CPU
		{D6A86962-21D0-455A-B1FC-D41224BC3046}.Release|Any CPU.ActiveCfg = Release|Any CPU
		{D6A86962-21D0-455A-B1FC-D41224BC3046}.Release|Any CPU.Build.0 = Release|Any CPU
		{D6A86962-21D0-455A-B1FC-D41224BC3046}.Release|x64.ActiveCfg = Release|Any CPU
		{D6A86962-21D0-455A-B1FC-D41224BC3046}.Release|x64.Build.0 = Release|Any CPU
		{D6A86962-21D0-455A-B1FC-D41224BC3046}.Release|x86.ActiveCfg = Release|Any CPU
		{D6A86962-21D0-455A-B1FC-D41224BC3046}.Release|x86.Build.0 = Release|Any CPU
		{72082437-D2C9-4BF2-8E55-B7F266453D11}.Debug|Any CPU.ActiveCfg = Debug|Any CPU
		{72082437-D2C9-4BF2-8E55-B7F266453D11}.Debug|Any CPU.Build.0 = Debug|Any CPU
		{72082437-D2C9-4BF2-8E55-B7F266453D11}.Debug|x64.ActiveCfg = Debug|Any CPU
		{72082437-D2C9-4BF2-8E55-B7F266453D11}.Debug|x64.Build.0 = Debug|Any CPU
		{72082437-D2C9-4BF2-8E55-B7F266453D11}.Debug|x86.ActiveCfg = Debug|Any CPU
		{72082437-D2C9-4BF2-8E55-B7F266453D11}.Debug|x86.Build.0 = Debug|Any CPU
		{72082437-D2C9-4BF2-8E55-B7F266453D11}.Release|Any CPU.ActiveCfg = Release|Any CPU
		{72082437-D2C9-4BF2-8E55-B7F266453D11}.Release|Any CPU.Build.0 = Release|Any CPU
		{72082437-D2C9-4BF2-8E55-B7F266453D11}.Release|x64.ActiveCfg = Release|Any CPU
		{72082437-D2C9-4BF2-8E55-B7F266453D11}.Release|x64.Build.0 = Release|Any CPU
		{72082437-D2C9-4BF2-8E55-B7F266453D11}.Release|x86.ActiveCfg = Release|Any CPU
		{72082437-D2C9-4BF2-8E55-B7F266453D11}.Release|x86.Build.0 = Release|Any CPU
		{0A58BE00-F19B-462F-B477-4FE411495AC6}.Debug|Any CPU.ActiveCfg = Debug|Any CPU
		{0A58BE00-F19B-462F-B477-4FE411495AC6}.Debug|Any CPU.Build.0 = Debug|Any CPU
		{0A58BE00-F19B-462F-B477-4FE411495AC6}.Debug|x64.ActiveCfg = Debug|Any CPU
		{0A58BE00-F19B-462F-B477-4FE411495AC6}.Debug|x64.Build.0 = Debug|Any CPU
		{0A58BE00-F19B-462F-B477-4FE411495AC6}.Debug|x86.ActiveCfg = Debug|Any CPU
		{0A58BE00-F19B-462F-B477-4FE411495AC6}.Debug|x86.Build.0 = Debug|Any CPU
		{0A58BE00-F19B-462F-B477-4FE411495AC6}.Release|Any CPU.ActiveCfg = Release|Any CPU
		{0A58BE00-F19B-462F-B477-4FE411495AC6}.Release|Any CPU.Build.0 = Release|Any CPU
		{0A58BE00-F19B-462F-B477-4FE411495AC6}.Release|x64.ActiveCfg = Release|Any CPU
		{0A58BE00-F19B-462F-B477-4FE411495AC6}.Release|x64.Build.0 = Release|Any CPU
		{0A58BE00-F19B-462F-B477-4FE411495AC6}.Release|x86.ActiveCfg = Release|Any CPU
		{0A58BE00-F19B-462F-B477-4FE411495AC6}.Release|x86.Build.0 = Release|Any CPU
		{F6115C39-5FEB-488A-BF11-F93589D39177}.Debug|Any CPU.ActiveCfg = Debug|Any CPU
		{F6115C39-5FEB-488A-BF11-F93589D39177}.Debug|Any CPU.Build.0 = Debug|Any CPU
		{F6115C39-5FEB-488A-BF11-F93589D39177}.Debug|x64.ActiveCfg = Debug|Any CPU
		{F6115C39-5FEB-488A-BF11-F93589D39177}.Debug|x64.Build.0 = Debug|Any CPU
		{F6115C39-5FEB-488A-BF11-F93589D39177}.Debug|x86.ActiveCfg = Debug|Any CPU
		{F6115C39-5FEB-488A-BF11-F93589D39177}.Debug|x86.Build.0 = Debug|Any CPU
		{F6115C39-5FEB-488A-BF11-F93589D39177}.Release|Any CPU.ActiveCfg = Release|Any CPU
		{F6115C39-5FEB-488A-BF11-F93589D39177}.Release|Any CPU.Build.0 = Release|Any CPU
		{F6115C39-5FEB-488A-BF11-F93589D39177}.Release|x64.ActiveCfg = Release|Any CPU
		{F6115C39-5FEB-488A-BF11-F93589D39177}.Release|x64.Build.0 = Release|Any CPU
		{F6115C39-5FEB-488A-BF11-F93589D39177}.Release|x86.ActiveCfg = Release|Any CPU
		{F6115C39-5FEB-488A-BF11-F93589D39177}.Release|x86.Build.0 = Release|Any CPU
		{28D3B8C4-6086-4F15-BE2C-3726BF804466}.Debug|Any CPU.ActiveCfg = Debug|Any CPU
		{28D3B8C4-6086-4F15-BE2C-3726BF804466}.Debug|Any CPU.Build.0 = Debug|Any CPU
		{28D3B8C4-6086-4F15-BE2C-3726BF804466}.Debug|x64.ActiveCfg = Debug|Any CPU
		{28D3B8C4-6086-4F15-BE2C-3726BF804466}.Debug|x64.Build.0 = Debug|Any CPU
		{28D3B8C4-6086-4F15-BE2C-3726BF804466}.Debug|x86.ActiveCfg = Debug|Any CPU
		{28D3B8C4-6086-4F15-BE2C-3726BF804466}.Debug|x86.Build.0 = Debug|Any CPU
		{28D3B8C4-6086-4F15-BE2C-3726BF804466}.Release|Any CPU.ActiveCfg = Release|Any CPU
		{28D3B8C4-6086-4F15-BE2C-3726BF804466}.Release|Any CPU.Build.0 = Release|Any CPU
		{28D3B8C4-6086-4F15-BE2C-3726BF804466}.Release|x64.ActiveCfg = Release|Any CPU
		{28D3B8C4-6086-4F15-BE2C-3726BF804466}.Release|x64.Build.0 = Release|Any CPU
		{28D3B8C4-6086-4F15-BE2C-3726BF804466}.Release|x86.ActiveCfg = Release|Any CPU
		{28D3B8C4-6086-4F15-BE2C-3726BF804466}.Release|x86.Build.0 = Release|Any CPU
		{954F3269-C9E5-4931-B522-102727D2E2EE}.Debug|Any CPU.ActiveCfg = Debug|Any CPU
		{954F3269-C9E5-4931-B522-102727D2E2EE}.Debug|Any CPU.Build.0 = Debug|Any CPU
		{954F3269-C9E5-4931-B522-102727D2E2EE}.Debug|x64.ActiveCfg = Debug|Any CPU
		{954F3269-C9E5-4931-B522-102727D2E2EE}.Debug|x64.Build.0 = Debug|Any CPU
		{954F3269-C9E5-4931-B522-102727D2E2EE}.Debug|x86.ActiveCfg = Debug|Any CPU
		{954F3269-C9E5-4931-B522-102727D2E2EE}.Debug|x86.Build.0 = Debug|Any CPU
		{954F3269-C9E5-4931-B522-102727D2E2EE}.Release|Any CPU.ActiveCfg = Release|Any CPU
		{954F3269-C9E5-4931-B522-102727D2E2EE}.Release|Any CPU.Build.0 = Release|Any CPU
		{954F3269-C9E5-4931-B522-102727D2E2EE}.Release|x64.ActiveCfg = Release|Any CPU
		{954F3269-C9E5-4931-B522-102727D2E2EE}.Release|x64.Build.0 = Release|Any CPU
		{954F3269-C9E5-4931-B522-102727D2E2EE}.Release|x86.ActiveCfg = Release|Any CPU
		{954F3269-C9E5-4931-B522-102727D2E2EE}.Release|x86.Build.0 = Release|Any CPU
	EndGlobalSection
	GlobalSection(SolutionProperties) = preSolution
		HideSolutionNode = FALSE
	EndGlobalSection
	GlobalSection(NestedProjects) = preSolution
		{90DFF9D6-6064-F8FE-940D-2B723E32BEE9} = {56A9F078-40C9-3DDD-7DA3-B5A4BF238A7F}
		{D09FF62E-3C2C-4874-9044-42699C59BD65} = {90DFF9D6-6064-F8FE-940D-2B723E32BEE9}
		{AEB0ECF3-0D31-465E-8A80-54C86E4A72CE} = {90DFF9D6-6064-F8FE-940D-2B723E32BEE9}
		{E9F6E946-CAB0-4393-83A6-2CC00E601546} = {56A9F078-40C9-3DDD-7DA3-B5A4BF238A7F}
		{5BC7E6CD-9454-4DFD-8D2E-338278CEBBFF} = {E9F6E946-CAB0-4393-83A6-2CC00E601546}
		{61FBA38E-274A-9C75-44F1-1A16D7FA1A43} = {AAFBD153-24CA-142F-8D87-E9EA6ABB24FE}
		{D6A86962-21D0-455A-B1FC-D41224BC3046} = {61FBA38E-274A-9C75-44F1-1A16D7FA1A43}
		{72082437-D2C9-4BF2-8E55-B7F266453D11} = {61FBA38E-274A-9C75-44F1-1A16D7FA1A43}
		{234D4270-9C81-DE9C-F77D-6160D21C44F7} = {AAFBD153-24CA-142F-8D87-E9EA6ABB24FE}
		{0A58BE00-F19B-462F-B477-4FE411495AC6} = {234D4270-9C81-DE9C-F77D-6160D21C44F7}
		{54F7DA6F-EA37-D2F8-7D31-0E22057C65BE} = {AAFBD153-24CA-142F-8D87-E9EA6ABB24FE}
		{F6115C39-5FEB-488A-BF11-F93589D39177} = {54F7DA6F-EA37-D2F8-7D31-0E22057C65BE}
		{28D3B8C4-6086-4F15-BE2C-3726BF804466} = {54F7DA6F-EA37-D2F8-7D31-0E22057C65BE}
		{5ACE1E23-56CB-85AE-16B9-554EA5BF7433} = {26DBFC19-437C-4F90-1A5A-542F2D728CEE}
		{954F3269-C9E5-4931-B522-102727D2E2EE} = {5ACE1E23-56CB-85AE-16B9-554EA5BF7433}
	EndGlobalSection
EndGlobal
